Microsoft Visual Studio Solution File, Format Version 12.00
# Visual Studio 2012
Project("{FAE04EC0-301F-11D3-BF4B-00C04F79EFBC}") = "Funkiland", "Funkiland.csproj", "{C1B024ED-D17D-4180-9B4C-A40CD3DAC591}"
EndProject
Global
	GlobalSection(SolutionConfigurationPlatforms) = preSolution
	Debug|Any CPU = Debug|Any CPU
	ExportDebug|Any CPU = ExportDebug|Any CPU
	ExportRelease|Any CPU = ExportRelease|Any CPU
	EndGlobalSection
	GlobalSection(ProjectConfigurationPlatforms) = postSolution
		{C1B024ED-D17D-4180-9B4C-A40CD3DAC591}.Debug|Any CPU.ActiveCfg = Debug|Any CPU
		{C1B024ED-D17D-4180-9B4C-A40CD3DAC591}.Debug|Any CPU.Build.0 = Debug|Any CPU
		{C1B024ED-D17D-4180-9B4C-A40CD3DAC591}.ExportDebug|Any CPU.ActiveCfg = ExportDebug|Any CPU
		{C1B024ED-D17D-4180-9B4C-A40CD3DAC591}.ExportDebug|Any CPU.Build.0 = ExportDebug|Any CPU
		{C1B024ED-D17D-4180-9B4C-A40CD3DAC591}.ExportRelease|Any CPU.ActiveCfg = ExportRelease|Any CPU
		{C1B024ED-D17D-4180-9B4C-A40CD3DAC591}.ExportRelease|Any CPU.Build.0 = ExportRelease|Any CPU
	EndGlobalSection
EndGlobal
